
Microsoft Visual Studio Solution File, Format Version 12.00
# Visual Studio 15
VisualStudioVersion = 15.0.27130.2010
MinimumVisualStudioVersion = 10.0.40219.1
Project("{E24C65DC-7377-472B-9ABA-BC803B73C61A}") = "Rysensteen", "Rysensteen\", "{7CB79B6D-2950-4798-99DB-AEC538407164}"
	ProjectSection(WebsiteProperties) = preProject
		TargetFrameworkMoniker = ".NETFramework,Version%3Dv4.6.1"
		Debug.AspNetCompiler.VirtualPath = "/localhost_62279"
		Debug.AspNetCompiler.PhysicalPath = "Rysensteen\"
		Debug.AspNetCompiler.TargetPath = "PrecompiledWeb\localhost_62279\"
		Debug.AspNetCompiler.Updateable = "true"
		Debug.AspNetCompiler.ForceOverwrite = "true"
		Debug.AspNetCompiler.FixedNames = "false"
		Debug.AspNetCompiler.Debug = "True"
		Release.AspNetCompiler.VirtualPath = "/localhost_62279"
		Release.AspNetCompiler.PhysicalPath = "Rysensteen\"
		Release.AspNetCompiler.TargetPath = "PrecompiledWeb\localhost_62279\"
		Release.AspNetCompiler.Updateable = "true"
		Release.AspNetCompiler.ForceOverwrite = "true"
		Release.AspNetCompiler.FixedNames = "false"
		Release.AspNetCompiler.Debug = "False"
		VWDPort = "62279"
		SlnRelativePath = "Rysensteen\"
		DefaultWebSiteLanguage = "Visual C#"
	EndProjectSection
EndProject
Global
	GlobalSection(SolutionConfigurationPlatforms) = preSolution
		Debug|Any CPU = Debug|Any CPU
	EndGlobalSection
	GlobalSection(ProjectConfigurationPlatforms) = postSolution
		{7CB79B6D-2950-4798-99DB-AEC538407164}.Debug|Any CPU.ActiveCfg = Debug|Any CPU
		{7CB79B6D-2950-4798-99DB-AEC538407164}.Debug|Any CPU.Build.0 = Debug|Any CPU
	EndGlobalSection
	GlobalSection(SolutionProperties) = preSolution
		HideSolutionNode = FALSE
	EndGlobalSection
	GlobalSection(ExtensibilityGlobals) = postSolution
		SolutionGuid = {2C14308E-F387-41CE-84AB-7724841C9011}
	EndGlobalSection
EndGlobal
